
Microsoft Visual Studio Solution File, Format Version 12.00
# Visual Studio Version 17
VisualStudioVersion = 17.4.33205.214
MinimumVisualStudioVersion = 10.0.40219.1
Project("{FAE04EC0-301F-11D3-BF4B-00C04F79EFBC}") = "DBlite", "DBlite\DBlite.csproj", "{C87BE170-DBC0-43AA-8397-B33C9FD30587}"
EndProject
Global
	GlobalSection(SolutionConfigurationPlatforms) = preSolution
		Debug|Any CPU = Debug|Any CPU
		Release|Any CPU = Release|Any CPU
	EndGlobalSection
	GlobalSection(ProjectConfigurationPlatforms) = postSolution
		{C87BE170-DBC0-43AA-8397-B33C9FD30587}.Debug|Any CPU.ActiveCfg = Debug|Any CPU
		{C87BE170-DBC0-43AA-8397-B33C9FD30587}.Debug|Any CPU.Build.0 = Debug|Any CPU
		{C87BE170-DBC0-43AA-8397-B33C9FD30587}.Release|Any CPU.ActiveCfg = Release|Any CPU
		{C87BE170-DBC0-43AA-8397-B33C9FD30587}.Release|Any CPU.Build.0 = Release|Any CPU
	EndGlobalSection
	GlobalSection(SolutionProperties) = preSolution
		HideSolutionNode = FALSE
	EndGlobalSection
	GlobalSection(ExtensibilityGlobals) = postSolution
		SolutionGuid = {F3D95D8B-1E9D-4A7E-B4C9-0E02514CE5FE}
	EndGlobalSection
EndGlobal
